// !$*UTF8*$!
{
	archiveVersion = 1;
	classes = {
	};
	objectVersion = 46;
	objects = {

/* Begin PBXBuildFile section */
		CFE93B9E1EDC5CBB004F81FE /* AppDelegate.swift in Sources */ = {isa = PBXBuildFile; fileRef = CFE93B9D1EDC5CBB004F81FE /* AppDelegate.swift */; };
		CFE93BA01EDC5CBB004F81FE /* GameScene.sks in Resources */ = {isa = PBXBuildFile; fileRef = CFE93B9F1EDC5CBB004F81FE /* GameScene.sks */; };
		CFE93BA21EDC5CBB004F81FE /* Actions.sks in Resources */ = {isa = PBXBuildFile; fileRef = CFE93BA11EDC5CBB004F81FE /* Actions.sks */; };
		CFE93BA41EDC5CBB004F81FE /* GameScene.swift in Sources */ = {isa = PBXBuildFile; fileRef = CFE93BA31EDC5CBB004F81FE /* GameScene.swift */; };
		CFE93BA61EDC5CBB004F81FE /* GameViewController.swift in Sources */ = {isa = PBXBuildFile; fileRef = CFE93BA51EDC5CBB004F81FE /* GameViewController.swift */; };
		CFE93BA91EDC5CBB004F81FE /* Main.storyboard in Resources */ = {isa = PBXBuildFile; fileRef = CFE93BA71EDC5CBB004F81FE /* Main.storyboard */; };
		CFE93BAB1EDC5CBB004F81FE /* Assets.xcassets in Resources */ = {isa = PBXBuildFile; fileRef = CFE93BAA1EDC5CBB004F81FE /* Assets.xcassets */; };
		CFE93BAE1EDC5CBB004F81FE /* LaunchScreen.storyboard in Resources */ = {isa = PBXBuildFile; fileRef = CFE93BAC1EDC5CBB004F81FE /* LaunchScreen.storyboard */; };
		CFE93BB91EDC5CBB004F81FE /* ShisoTests.swift in Sources */ = {isa = PBXBuildFile; fileRef = CFE93BB81EDC5CBB004F81FE /* ShisoTests.swift */; };
		CFE93BC41EDC5CBB004F81FE /* ShisoUITests.swift in Sources */ = {isa = PBXBuildFile; fileRef = CFE93BC31EDC5CBB004F81FE /* ShisoUITests.swift */; };
/* End PBXBuildFile section */

/* Begin PBXContainerItemProxy section */
		CFE93BB51EDC5CBB004F81FE /* PBXContainerItemProxy */ = {
			isa = PBXContainerItemProxy;
			containerPortal = CFE93B921EDC5CBB004F81FE /* Project object */;
			proxyType = 1;
			remoteGlobalIDString = CFE93B991EDC5CBB004F81FE;
			remoteInfo = Shiso;
		};
		CFE93BC01EDC5CBB004F81FE /* PBXContainerItemProxy */ = {
			isa = PBXContainerItemProxy;
			containerPortal = CFE93B921EDC5CBB004F81FE /* Project object */;
			proxyType = 1;
			remoteGlobalIDString = CFE93B991EDC5CBB004F81FE;
			remoteInfo = Shiso;
		};
/* End PBXContainerItemProxy section */

/* Begin PBXFileReference section */
		CFE93B9A1EDC5CBB004F81FE /* Shiso.app */ = {isa = PBXFileReference; explicitFileType = wrapper.application; includeInIndex = 0; path = Shiso.app; sourceTree = BUILT_PRODUCTS_DIR; };
		CFE93B9D1EDC5CBB004F81FE /* AppDelegate.swift */ = {isa = PBXFileReference; lastKnownFileType = sourcecode.swift; path = AppDelegate.swift; sourceTree = "<group>"; };
		CFE93B9F1EDC5CBB004F81FE /* GameScene.sks */ = {isa = PBXFileReference; lastKnownFileType = file.sks; path = GameScene.sks; sourceTree = "<group>"; };
		CFE93BA11EDC5CBB004F81FE /* Actions.sks */ = {isa = PBXFileReference; lastKnownFileType = file.sks; path = Actions.sks; sourceTree = "<group>"; };
		CFE93BA31EDC5CBB004F81FE /* GameScene.swift */ = {isa = PBXFileReference; lastKnownFileType = sourcecode.swift; path = GameScene.swift; sourceTree = "<group>"; };
		CFE93BA51EDC5CBB004F81FE /* GameViewController.swift */ = {isa = PBXFileReference; lastKnownFileType = sourcecode.swift; path = GameViewController.swift; sourceTree = "<group>"; };
		CFE93BA81EDC5CBB004F81FE /* Base */ = {isa = PBXFileReference; lastKnownFileType = file.storyboard; name = Base; path = Base.lproj/Main.storyboard; sourceTree = "<group>"; };
		CFE93BAA1EDC5CBB004F81FE /* Assets.xcassets */ = {isa = PBXFileReference; lastKnownFileType = folder.assetcatalog; path = Assets.xcassets; sourceTree = "<group>"; };
		CFE93BAD1EDC5CBB004F81FE /* Base */ = {isa = PBXFileReference; lastKnownFileType = file.storyboard; name = Base; path = Base.lproj/LaunchScreen.storyboard; sourceTree = "<group>"; };
		CFE93BAF1EDC5CBB004F81FE /* Info.plist */ = {isa = PBXFileReference; lastKnownFileType = text.plist.xml; path = Info.plist; sourceTree = "<group>"; };
		CFE93BB41EDC5CBB004F81FE /* ShisoTests.xctest */ = {isa = PBXFileReference; explicitFileType = wrapper.cfbundle; includeInIndex = 0; path = ShisoTests.xctest; sourceTree = BUILT_PRODUCTS_DIR; };
		CFE93BB81EDC5CBB004F81FE /* ShisoTests.swift */ = {isa = PBXFileReference; lastKnownFileType = sourcecode.swift; path = ShisoTests.swift; sourceTree = "<group>"; };
		CFE93BBA1EDC5CBB004F81FE /* Info.plist */ = {isa = PBXFileReference; lastKnownFileType = text.plist.xml; path = Info.plist; sourceTree = "<group>"; };
		CFE93BBF1EDC5CBB004F81FE /* ShisoUITests.xctest */ = {isa = PBXFileReference; explicitFileType = wrapper.cfbundle; includeInIndex = 0; path = ShisoUITests.xctest; sourceTree = BUILT_PRODUCTS_DIR; };
		CFE93BC31EDC5CBB004F81FE /* ShisoUITests.swift */ = {isa = PBXFileReference; lastKnownFileType = sourcecode.swift; path = ShisoUITests.swift; sourceTree = "<group>"; };
		CFE93BC51EDC5CBB004F81FE /* Info.plist */ = {isa = PBXFileReference; lastKnownFileType = text.plist.xml; path = Info.plist; sourceTree = "<group>"; };
/* End PBXFileReference section */

/* Begin PBXFrameworksBuildPhase section */
		CFE93B971EDC5CBB004F81FE /* Frameworks */ = {
			isa = PBXFrameworksBuildPhase;
			buildActionMask = 2147483647;
			files = (
			);
			runOnlyForDeploymentPostprocessing = 0;
		};
		CFE93BB11EDC5CBB004F81FE /* Frameworks */ = {
			isa = PBXFrameworksBuildPhase;
			buildActionMask = 2147483647;
			files = (
			);
			runOnlyForDeploymentPostprocessing = 0;
		};
		CFE93BBC1EDC5CBB004F81FE /* Frameworks */ = {
			isa = PBXFrameworksBuildPhase;
			buildActionMask = 2147483647;
			files = (
			);
			runOnlyForDeploymentPostprocessing = 0;
		};
/* End PBXFrameworksBuildPhase section */

/* Begin PBXGroup section */
		CFE93B911EDC5CBB004F81FE = {
			isa = PBXGroup;
			children = (
				CFE93B9C1EDC5CBB004F81FE /* Shiso */,
				CFE93BB71EDC5CBB004F81FE /* ShisoTests */,
				CFE93BC21EDC5CBB004F81FE /* ShisoUITests */,
				CFE93B9B1EDC5CBB004F81FE /* Products */,
			);
			sourceTree = "<group>";
		};
		CFE93B9B1EDC5CBB004F81FE /* Products */ = {
			isa = PBXGroup;
			children = (
				CFE93B9A1EDC5CBB004F81FE /* Shiso.app */,
				CFE93BB41EDC5CBB004F81FE /* ShisoTests.xctest */,
				CFE93BBF1EDC5CBB004F81FE /* ShisoUITests.xctest */,
			);
			name = Products;
			sourceTree = "<group>";
		};
		CFE93B9C1EDC5CBB004F81FE /* Shiso */ = {
			isa = PBXGroup;
			children = (
				CFE93B9D1EDC5CBB004F81FE /* AppDelegate.swift */,
				CFE93B9F1EDC5CBB004F81FE /* GameScene.sks */,
				CFE93BA11EDC5CBB004F81FE /* Actions.sks */,
				CFE93BA31EDC5CBB004F81FE /* GameScene.swift */,
				CFE93BA51EDC5CBB004F81FE /* GameViewController.swift */,
				CFE93BA71EDC5CBB004F81FE /* Main.storyboard */,
				CFE93BAA1EDC5CBB004F81FE /* Assets.xcassets */,
				CFE93BAC1EDC5CBB004F81FE /* LaunchScreen.storyboard */,
				CFE93BAF1EDC5CBB004F81FE /* Info.plist */,
			);
			path = Shiso;
			sourceTree = "<group>";
		};
		CFE93BB71EDC5CBB004F81FE /* ShisoTests */ = {
			isa = PBXGroup;
			children = (
				CFE93BB81EDC5CBB004F81FE /* ShisoTests.swift */,
				CFE93BBA1EDC5CBB004F81FE /* Info.plist */,
			);
			path = ShisoTests;
			sourceTree = "<group>";
		};
		CFE93BC21EDC5CBB004F81FE /* ShisoUITests */ = {
			isa = PBXGroup;
			children = (
				CFE93BC31EDC5CBB004F81FE /* ShisoUITests.swift */,
				CFE93BC51EDC5CBB004F81FE /* Info.plist */,
			);
			path = ShisoUITests;
			sourceTree = "<group>";
		};
/* End PBXGroup section */

/* Begin PBXNativeTarget section */
		CFE93B991EDC5CBB004F81FE /* Shiso */ = {
			isa = PBXNativeTarget;
			buildConfigurationList = CFE93BC81EDC5CBB004F81FE /* Build configuration list for PBXNativeTarget "Shiso" */;
			buildPhases = (
				CFE93B961EDC5CBB004F81FE /* Sources */,
				CFE93B971EDC5CBB004F81FE /* Frameworks */,
				CFE93B981EDC5CBB004F81FE /* Resources */,
			);
			buildRules = (
			);
			dependencies = (
			);
			name = Shiso;
			productName = Shiso;
			productReference = CFE93B9A1EDC5CBB004F81FE /* Shiso.app */;
			productType = "com.apple.product-type.application";
		};
		CFE93BB31EDC5CBB004F81FE /* ShisoTests */ = {
			isa = PBXNativeTarget;
			buildConfigurationList = CFE93BCB1EDC5CBB004F81FE /* Build configuration list for PBXNativeTarget "ShisoTests" */;
			buildPhases = (
				CFE93BB01EDC5CBB004F81FE /* Sources */,
				CFE93BB11EDC5CBB004F81FE /* Frameworks */,
				CFE93BB21EDC5CBB004F81FE /* Resources */,
			);
			buildRules = (
			);
			dependencies = (
				CFE93BB61EDC5CBB004F81FE /* PBXTargetDependency */,
			);
			name = ShisoTests;
			productName = ShisoTests;
			productReference = CFE93BB41EDC5CBB004F81FE /* ShisoTests.xctest */;
			productType = "com.apple.product-type.bundle.unit-test";
		};
		CFE93BBE1EDC5CBB004F81FE /* ShisoUITests */ = {
			isa = PBXNativeTarget;
			buildConfigurationList = CFE93BCE1EDC5CBB004F81FE /* Build configuration list for PBXNativeTarget "ShisoUITests" */;
			buildPhases = (
				CFE93BBB1EDC5CBB004F81FE /* Sources */,
				CFE93BBC1EDC5CBB004F81FE /* Frameworks */,
				CFE93BBD1EDC5CBB004F81FE /* Resources */,
			);
			buildRules = (
			);
			dependencies = (
				CFE93BC11EDC5CBB004F81FE /* PBXTargetDependency */,
			);
			name = ShisoUITests;
			productName = ShisoUITests;
			productReference = CFE93BBF1EDC5CBB004F81FE /* ShisoUITests.xctest */;
			productType = "com.apple.product-type.bundle.ui-testing";
		};
/* End PBXNativeTarget section */

/* Begin PBXProject section */
		CFE93B921EDC5CBB004F81FE /* Project object */ = {
			isa = PBXProject;
			attributes = {
				LastSwiftUpdateCheck = 0830;
				LastUpgradeCheck = 0830;
				ORGANIZATIONNAME = "Micah DeLaurentis";
				TargetAttributes = {
					CFE93B991EDC5CBB004F81FE = {
						CreatedOnToolsVersion = 8.3.2;
						ProvisioningStyle = Automatic;
					};
					CFE93BB31EDC5CBB004F81FE = {
						CreatedOnToolsVersion = 8.3.2;
						ProvisioningStyle = Automatic;
						TestTargetID = CFE93B991EDC5CBB004F81FE;
					};
					CFE93BBE1EDC5CBB004F81FE = {
						CreatedOnToolsVersion = 8.3.2;
						ProvisioningStyle = Automatic;
						TestTargetID = CFE93B991EDC5CBB004F81FE;
					};
				};
			};
			buildConfigurationList = CFE93B951EDC5CBB004F81FE /* Build configuration list for PBXProject "Shiso" */;
			compatibilityVersion = "Xcode 3.2";
			developmentRegion = English;
			hasScannedForEncodings = 0;
			knownRegions = (
				en,
				Base,
			);
			mainGroup = CFE93B911EDC5CBB004F81FE;
			productRefGroup = CFE93B9B1EDC5CBB004F81FE /* Products */;
			projectDirPath = "";
			projectRoot = "";
			targets = (
				CFE93B991EDC5CBB004F81FE /* Shiso */,
				CFE93BB31EDC5CBB004F81FE /* ShisoTests */,
				CFE93BBE1EDC5CBB004F81FE /* ShisoUITests */,
			);
		};
/* End PBXProject section */

/* Begin PBXResourcesBuildPhase section */
		CFE93B981EDC5CBB004F81FE /* Resources */ = {
			isa = PBXResourcesBuildPhase;
			buildActionMask = 2147483647;
			files = (
				CFE93BA91EDC5CBB004F81FE /* Main.storyboard in Resources */,
				CFE93BA01EDC5CBB004F81FE /* GameScene.sks in Resources */,
				CFE93BAB1EDC5CBB004F81FE /* Assets.xcassets in Resources */,
				CFE93BAE1EDC5CBB004F81FE /* LaunchScreen.storyboard in Resources */,
				CFE93BA21EDC5CBB004F81FE /* Actions.sks in Resources */,
			);
			runOnlyForDeploymentPostprocessing = 0;
		};
		CFE93BB21EDC5CBB004F81FE /* Resources */ = {
			isa = PBXResourcesBuildPhase;
			buildActionMask = 2147483647;
			files = (
			);
			runOnlyForDeploymentPostprocessing = 0;
		};
		CFE93BBD1EDC5CBB004F81FE /* Resources */ = {
			isa = PBXResourcesBuildPhase;
			buildActionMask = 2147483647;
			files = (
			);
			runOnlyForDeploymentPostprocessing = 0;
		};
/* End PBXResourcesBuildPhase section */

/* Begin PBXSourcesBuildPhase section */
		CFE93B961EDC5CBB004F81FE /* Sources */ = {
			isa = PBXSourcesBuildPhase;
			buildActionMask = 2147483647;
			files = (
				CFE93BA41EDC5CBB004F81FE /* GameScene.swift in Sources */,
				CFE93BA61EDC5CBB004F81FE /* GameViewController.swift in Sources */,
				CFE93B9E1EDC5CBB004F81FE /* AppDelegate.swift in Sources */,
			);
			runOnlyForDeploymentPostprocessing = 0;
		};
		CFE93BB01EDC5CBB004F81FE /* Sources */ = {
			isa = PBXSourcesBuildPhase;
			buildActionMask = 2147483647;
			files = (
				CFE93BB91EDC5CBB004F81FE /* ShisoTests.swift in Sources */,
			);
			runOnlyForDeploymentPostprocessing = 0;
		};
		CFE93BBB1EDC5CBB004F81FE /* Sources */ = {
			isa = PBXSourcesBuildPhase;
			buildActionMask = 2147483647;
			files = (
				CFE93BC41EDC5CBB004F81FE /* ShisoUITests.swift in Sources */,
			);
			runOnlyForDeploymentPostprocessing = 0;
		};
/* End PBXSourcesBuildPhase section */

/* Begin PBXTargetDependency section */
		CFE93BB61EDC5CBB004F81FE /* PBXTargetDependency */ = {
			isa = PBXTargetDependency;
			target = CFE93B991EDC5CBB004F81FE /* Shiso */;
			targetProxy = CFE93BB51EDC5CBB004F81FE /* PBXContainerItemProxy */;
		};
		CFE93BC11EDC5CBB004F81FE /* PBXTargetDependency */ = {
			isa = PBXTargetDependency;
			target = CFE93B991EDC5CBB004F81FE /* Shiso */;
			targetProxy = CFE93BC01EDC5CBB004F81FE /* PBXContainerItemProxy */;
		};
/* End PBXTargetDependency section */

/* Begin PBXVariantGroup section */
		CFE93BA71EDC5CBB004F81FE /* Main.storyboard */ = {
			isa = PBXVariantGroup;
			children = (
				CFE93BA81EDC5CBB004F81FE /* Base */,
			);
			name = Main.storyboard;
			sourceTree = "<group>";
		};
		CFE93BAC1EDC5CBB004F81FE /* LaunchScreen.storyboard */ = {
			isa = PBXVariantGroup;
			children = (
				CFE93BAD1EDC5CBB004F81FE /* Base */,
			);
			name = LaunchScreen.storyboard;
			sourceTree = "<group>";
		};
/* End PBXVariantGroup section */

/* Begin XCBuildConfiguration section */
		CFE93BC61EDC5CBB004F81FE /* Debug */ = {
			isa = XCBuildConfiguration;
			buildSettings = {
				ALWAYS_SEARCH_USER_PATHS = NO;
				CLANG_ANALYZER_NONNULL = YES;
				CLANG_ANALYZER_NUMBER_OBJECT_CONVERSION = YES_AGGRESSIVE;
				CLANG_CXX_LANGUAGE_STANDARD = "gnu++0x";
				CLANG_CXX_LIBRARY = "libc++";
				CLANG_ENABLE_MODULES = YES;
				CLANG_ENABLE_OBJC_ARC = YES;
				CLANG_WARN_BOOL_CONVERSION = YES;
				CLANG_WARN_CONSTANT_CONVERSION = YES;
				CLANG_WARN_DIRECT_OBJC_ISA_USAGE = YES_ERROR;
				CLANG_WARN_DOCUMENTATION_COMMENTS = YES;
				CLANG_WARN_EMPTY_BODY = YES;
				CLANG_WARN_ENUM_CONVERSION = YES;
				CLANG_WARN_INFINITE_RECURSION = YES;
				CLANG_WARN_INT_CONVERSION = YES;
				CLANG_WARN_OBJC_ROOT_CLASS = YES_ERROR;
				CLANG_WARN_SUSPICIOUS_MOVE = YES;
				CLANG_WARN_UNREACHABLE_CODE = YES;
				CLANG_WARN__DUPLICATE_METHOD_MATCH = YES;
				"CODE_SIGN_IDENTITY[sdk=iphoneos*]" = "iPhone Developer";
				COPY_PHASE_STRIP = NO;
				DEBUG_INFORMATION_FORMAT = dwarf;
				ENABLE_STRICT_OBJC_MSGSEND = YES;
				ENABLE_TESTABILITY = YES;
				GCC_C_LANGUAGE_STANDARD = gnu99;
				GCC_DYNAMIC_NO_PIC = NO;
				GCC_NO_COMMON_BLOCKS = YES;
				GCC_OPTIMIZATION_LEVEL = 0;
				GCC_PREPROCESSOR_DEFINITIONS = (
					"DEBUG=1",
					"$(inherited)",
				);
				GCC_WARN_64_TO_32_BIT_CONVERSION = YES;
				GCC_WARN_ABOUT_RETURN_TYPE = YES_ERROR;
				GCC_WARN_UNDECLARED_SELECTOR = YES;
				GCC_WARN_UNINITIALIZED_AUTOS = YES_AGGRESSIVE;
				GCC_WARN_UNUSED_FUNCTION = YES;
				GCC_WARN_UNUSED_VARIABLE = YES;
				IPHONEOS_DEPLOYMENT_TARGET = 10.3;
				MTL_ENABLE_DEBUG_INFO = YES;
				ONLY_ACTIVE_ARCH = YES;
				SDKROOT = iphoneos;
				SWIFT_ACTIVE_COMPILATION_CONDITIONS = DEBUG;
				SWIFT_OPTIMIZATION_LEVEL = "-Onone";
				TARGETED_DEVICE_FAMILY = "1,2";
			};
			name = Debug;
		};
		CFE93BC71EDC5CBB004F81FE /* Release */ = {
			isa = XCBuildConfiguration;
			buildSettings = {
				ALWAYS_SEARCH_USER_PATHS = NO;
				CLANG_ANALYZER_NONNULL = YES;
				CLANG_ANALYZER_NUMBER_OBJECT_CONVERSION = YES_AGGRESSIVE;
				CLANG_CXX_LANGUAGE_STANDARD = "gnu++0x";
				CLANG_CXX_LIBRARY = "libc++";
				CLANG_ENABLE_MODULES = YES;
				CLANG_ENABLE_OBJC_ARC = YES;
				CLANG_WARN_BOOL_CONVERSION = YES;
				CLANG_WARN_CONSTANT_CONVERSION = YES;
				CLANG_WARN_DIRECT_OBJC_ISA_USAGE = YES_ERROR;
				CLANG_WARN_DOCUMENTATION_COMMENTS = YES;
				CLANG_WARN_EMPTY_BODY = YES;
				CLANG_WARN_ENUM_CONVERSION = YES;
				CLANG_WARN_INFINITE_RECURSION = YES;
				CLANG_WARN_INT_CONVERSION = YES;
				CLANG_WARN_OBJC_ROOT_CLASS = YES_ERROR;
				CLANG_WARN_SUSPICIOUS_MOVE = YES;
				CLANG_WARN_UNREACHABLE_CODE = YES;
				CLANG_WARN__DUPLICATE_METHOD_MATCH = YES;
				"CODE_SIGN_IDENTITY[sdk=iphoneos*]" = "iPhone Developer";
				COPY_PHASE_STRIP = NO;
				DEBUG_INFORMATION_FORMAT = "dwarf-with-dsym";
				ENABLE_NS_ASSERTIONS = NO;
				ENABLE_STRICT_OBJC_MSGSEND = YES;
				GCC_C_LANGUAGE_STANDARD = gnu99;
				GCC_NO_COMMON_BLOCKS = YES;
				GCC_WARN_64_TO_32_BIT_CONVERSION = YES;
				GCC_WARN_ABOUT_RETURN_TYPE = YES_ERROR;
				GCC_WARN_UNDECLARED_SELECTOR = YES;
				GCC_WARN_UNINITIALIZED_AUTOS = YES_AGGRESSIVE;
				GCC_WARN_UNUSED_FUNCTION = YES;
				GCC_WARN_UNUSED_VARIABLE = YES;
				IPHONEOS_DEPLOYMENT_TARGET = 10.3;
				MTL_ENABLE_DEBUG_INFO = NO;
				SDKROOT = iphoneos;
				SWIFT_OPTIMIZATION_LEVEL = "-Owholemodule";
				TARGETED_DEVICE_FAMILY = "1,2";
				VALIDATE_PRODUCT = YES;
			};
			name = Release;
		};
		CFE93BC91EDC5CBB004F81FE /* Debug */ = {
			isa = XCBuildConfiguration;
			buildSettings = {
				ASSETCATALOG_COMPILER_APPICON_NAME = AppIcon;
				INFOPLIST_FILE = Shiso/Info.plist;
				LD_RUNPATH_SEARCH_PATHS = "$(inherited) @executable_path/Frameworks";
				PRODUCT_BUNDLE_IDENTIFIER = MicahD.Shiso;
				PRODUCT_NAME = "$(TARGET_NAME)";
				SWIFT_VERSION = 3.0;
			};
			name = Debug;
		};
		CFE93BCA1EDC5CBB004F81FE /* Release */ = {
			isa = XCBuildConfiguration;
			buildSettings = {
				ASSETCATALOG_COMPILER_APPICON_NAME = AppIcon;
				INFOPLIST_FILE = Shiso/Info.plist;
				LD_RUNPATH_SEARCH_PATHS = "$(inherited) @executable_path/Frameworks";
				PRODUCT_BUNDLE_IDENTIFIER = MicahD.Shiso;
				PRODUCT_NAME = "$(TARGET_NAME)";
				SWIFT_VERSION = 3.0;
			};
			name = Release;
		};
		CFE93BCC1EDC5CBB004F81FE /* Debug */ = {
			isa = XCBuildConfiguration;
			buildSettings = {
				ALWAYS_EMBED_SWIFT_STANDARD_LIBRARIES = YES;
				BUNDLE_LOADER = "$(TEST_HOST)";
				INFOPLIST_FILE = ShisoTests/Info.plist;
				LD_RUNPATH_SEARCH_PATHS = "$(inherited) @executable_path/Frameworks @loader_path/Frameworks";
				PRODUCT_BUNDLE_IDENTIFIER = MicahD.ShisoTests;
				PRODUCT_NAME = "$(TARGET_NAME)";
				SWIFT_VERSION = 3.0;
				TEST_HOST = "$(BUILT_PRODUCTS_DIR)/Shiso.app/Shiso";
			};
			name = Debug;
		};
		CFE93BCD1EDC5CBB004F81FE /* Release */ = {
			isa = XCBuildConfiguration;
			buildSettings = {
				ALWAYS_EMBED_SWIFT_STANDARD_LIBRARIES = YES;
				BUNDLE_LOADER = "$(TEST_HOST)";
				INFOPLIST_FILE = ShisoTests/Info.plist;
				LD_RUNPATH_SEARCH_PATHS = "$(inherited) @executable_path/Frameworks @loader_path/Frameworks";
				PRODUCT_BUNDLE_IDENTIFIER = MicahD.ShisoTests;
				PRODUCT_NAME = "$(TARGET_NAME)";
				SWIFT_VERSION = 3.0;
				TEST_HOST = "$(BUILT_PRODUCTS_DIR)/Shiso.app/Shiso";
			};
			name = Release;
		};
		CFE93BCF1EDC5CBB004F81FE /* Debug */ = {
			isa = XCBuildConfiguration;
			buildSettings = {
				ALWAYS_EMBED_SWIFT_STANDARD_LIBRARIES = YES;
				INFOPLIST_FILE = ShisoUITests/Info.plist;
				LD_RUNPATH_SEARCH_PATHS = "$(inherited) @executable_path/Frameworks @loader_path/Frameworks";
				PRODUCT_BUNDLE_IDENTIFIER = MicahD.ShisoUITests;
				PRODUCT_NAME = "$(TARGET_NAME)";
				SWIFT_VERSION = 3.0;
				TEST_TARGET_NAME = Shiso;
			};
			name = Debug;
		};
		CFE93BD01EDC5CBB004F81FE /* Release */ = {
			isa = XCBuildConfiguration;
			buildSettings = {
				ALWAYS_EMBED_SWIFT_STANDARD_LIBRARIES = YES;
				INFOPLIST_FILE = ShisoUITests/Info.plist;
				LD_RUNPATH_SEARCH_PATHS = "$(inherited) @executable_path/Frameworks @loader_path/Frameworks";
				PRODUCT_BUNDLE_IDENTIFIER = MicahD.ShisoUITests;
				PRODUCT_NAME = "$(TARGET_NAME)";
				SWIFT_VERSION = 3.0;
				TEST_TARGET_NAME = Shiso;
			};
			name = Release;
		};
/* End XCBuildConfiguration section */

/* Begin XCConfigurationList section */
		CFE93B951EDC5CBB004F81FE /* Build configuration list for PBXProject "Shiso" */ = {
			isa = XCConfigurationList;
			buildConfigurations = (
				CFE93BC61EDC5CBB004F81FE /* Debug */,
				CFE93BC71EDC5CBB004F81FE /* Release */,
			);
			defaultConfigurationIsVisible = 0;
			defaultConfigurationName = Release;
		};
		CFE93BC81EDC5CBB004F81FE /* Build configuration list for PBXNativeTarget "Shiso" */ = {
			isa = XCConfigurationList;
			buildConfigurations = (
				CFE93BC91EDC5CBB004F81FE /* Debug */,
				CFE93BCA1EDC5CBB004F81FE /* Release */,
			);
			defaultConfigurationIsVisible = 0;
		};
		CFE93BCB1EDC5CBB004F81FE /* Build configuration list for PBXNativeTarget "ShisoTests" */ = {
			isa = XCConfigurationList;
			buildConfigurations = (
				CFE93BCC1EDC5CBB004F81FE /* Debug */,
				CFE93BCD1EDC5CBB004F81FE /* Release */,
			);
			defaultConfigurationIsVisible = 0;
		};
		CFE93BCE1EDC5CBB004F81FE /* Build configuration list for PBXNativeTarget "ShisoUITests" */ = {
			isa = XCConfigurationList;
			buildConfigurations = (
				CFE93BCF1EDC5CBB004F81FE /* Debug */,
				CFE93BD01EDC5CBB004F81FE /* Release */,
			);
			defaultConfigurationIsVisible = 0;
		};
/* End XCConfigurationList section */
	};
	rootObject = CFE93B921EDC5CBB004F81FE /* Project object */;
}
